
Microsoft Visual Studio Solution File, Format Version 12.00
# Visual Studio Version 17
VisualStudioVersion = 17.3.32804.467
MinimumVisualStudioVersion = 10.0.40219.1
Project("{FAE04EC0-301F-11D3-BF4B-00C04F79EFBC}") = "WPF_Employee_Management", "WPF_Employee_Management.csproj", "{4581118F-E1B2-4CB8-8529-03AE03F1E255}"
EndProject
Global
	GlobalSection(SolutionConfigurationPlatforms) = preSolution
		Debug|Any CPU = Debug|Any CPU
		Release|Any CPU = Release|Any CPU
	EndGlobalSection
	GlobalSection(ProjectConfigurationPlatforms) = postSolution
		{4581118F-E1B2-4CB8-8529-03AE03F1E255}.Debug|Any CPU.ActiveCfg = Debug|Any CPU
		{4581118F-E1B2-4CB8-8529-03AE03F1E255}.Debug|Any CPU.Build.0 = Debug|Any CPU
		{4581118F-E1B2-4CB8-8529-03AE03F1E255}.Release|Any CPU.ActiveCfg = Release|Any CPU
		{4581118F-E1B2-4CB8-8529-03AE03F1E255}.Release|Any CPU.Build.0 = Release|Any CPU
	EndGlobalSection
	GlobalSection(SolutionProperties) = preSolution
		HideSolutionNode = FALSE
	EndGlobalSection
	GlobalSection(ExtensibilityGlobals) = postSolution
		SolutionGuid = {B7160B4C-4FB0-4656-B892-9CB62FF5590F}
	EndGlobalSection
EndGlobal
